// !$*UTF8*$!
{
	archiveVersion = 1;
	classes = {
	};
	objectVersion = 50;
	objects = {

/* Begin PBXBuildFile section */
		A47B043D23D639670026158F /* ProducerStartScreenVC.swift in Sources */ = {isa = PBXBuildFile; fileRef = A47B043C23D639670026158F /* ProducerStartScreenVC.swift */; };
		A47B043F23D63FF80026158F /* ProducerStartReadyVC.swift in Sources */ = {isa = PBXBuildFile; fileRef = A47B043E23D63FF80026158F /* ProducerStartReadyVC.swift */; };
		A499EA5E23D20425003FD074 /* AppDelegate.swift in Sources */ = {isa = PBXBuildFile; fileRef = A499EA5D23D20425003FD074 /* AppDelegate.swift */; };
		A499EA6023D20425003FD074 /* SceneDelegate.swift in Sources */ = {isa = PBXBuildFile; fileRef = A499EA5F23D20425003FD074 /* SceneDelegate.swift */; };
		A499EA6723D20426003FD074 /* Assets.xcassets in Resources */ = {isa = PBXBuildFile; fileRef = A499EA6623D20426003FD074 /* Assets.xcassets */; };
		A499EA6A23D20426003FD074 /* LaunchScreen.storyboard in Resources */ = {isa = PBXBuildFile; fileRef = A499EA6823D20426003FD074 /* LaunchScreen.storyboard */; };
		A499EA7623D206B5003FD074 /* Main.storyboard in Resources */ = {isa = PBXBuildFile; fileRef = A499EA7523D206B5003FD074 /* Main.storyboard */; };
		A499EA7A23D252EC003FD074 /* ConfirmationCodeViewController.swift in Sources */ = {isa = PBXBuildFile; fileRef = A499EA7923D252EC003FD074 /* ConfirmationCodeViewController.swift */; };
		A499EA7C23D26176003FD074 /* EnteringEmailViewController.swift in Sources */ = {isa = PBXBuildFile; fileRef = A499EA7B23D26176003FD074 /* EnteringEmailViewController.swift */; };
		A499EA8523D33DEE003FD074 /* ProducerButton.swift in Sources */ = {isa = PBXBuildFile; fileRef = A499EA8423D33DEE003FD074 /* ProducerButton.swift */; };
		A499EA8923D35DA8003FD074 /* PickingRoleViewController.swift in Sources */ = {isa = PBXBuildFile; fileRef = A499EA8823D35DA8003FD074 /* PickingRoleViewController.swift */; };
		A499EA8B23D362EC003FD074 /* ProducerButton.xib in Resources */ = {isa = PBXBuildFile; fileRef = A499EA8A23D362EC003FD074 /* ProducerButton.xib */; };
		A499EA8D23D36A35003FD074 /* CustomButtonDelegate.swift in Sources */ = {isa = PBXBuildFile; fileRef = A499EA8C23D36A35003FD074 /* CustomButtonDelegate.swift */; };
		A4C1C6E923D3B2D8002A5EA2 /* Extensions.swift in Sources */ = {isa = PBXBuildFile; fileRef = A4C1C6E823D3B2D8002A5EA2 /* Extensions.swift */; };
/* End PBXBuildFile section */

/* Begin PBXFileReference section */
		A47B043C23D639670026158F /* ProducerStartScreenVC.swift */ = {isa = PBXFileReference; lastKnownFileType = sourcecode.swift; path = ProducerStartScreenVC.swift; sourceTree = "<group>"; };
		A47B043E23D63FF80026158F /* ProducerStartReadyVC.swift */ = {isa = PBXFileReference; lastKnownFileType = sourcecode.swift; path = ProducerStartReadyVC.swift; sourceTree = "<group>"; };
		A499EA5A23D20425003FD074 /* AvatarAppIos.app */ = {isa = PBXFileReference; explicitFileType = wrapper.application; includeInIndex = 0; path = AvatarAppIos.app; sourceTree = BUILT_PRODUCTS_DIR; };
		A499EA5D23D20425003FD074 /* AppDelegate.swift */ = {isa = PBXFileReference; lastKnownFileType = sourcecode.swift; path = AppDelegate.swift; sourceTree = "<group>"; };
		A499EA5F23D20425003FD074 /* SceneDelegate.swift */ = {isa = PBXFileReference; lastKnownFileType = sourcecode.swift; path = SceneDelegate.swift; sourceTree = "<group>"; };
		A499EA6623D20426003FD074 /* Assets.xcassets */ = {isa = PBXFileReference; lastKnownFileType = folder.assetcatalog; path = Assets.xcassets; sourceTree = "<group>"; };
		A499EA6923D20426003FD074 /* Base */ = {isa = PBXFileReference; lastKnownFileType = file.storyboard; name = Base; path = Base.lproj/LaunchScreen.storyboard; sourceTree = "<group>"; };
		A499EA6B23D20426003FD074 /* Info.plist */ = {isa = PBXFileReference; lastKnownFileType = text.plist.xml; path = Info.plist; sourceTree = "<group>"; };
		A499EA7523D206B5003FD074 /* Main.storyboard */ = {isa = PBXFileReference; lastKnownFileType = file.storyboard; path = Main.storyboard; sourceTree = "<group>"; };
		A499EA7923D252EC003FD074 /* ConfirmationCodeViewController.swift */ = {isa = PBXFileReference; lastKnownFileType = sourcecode.swift; path = ConfirmationCodeViewController.swift; sourceTree = "<group>"; };
		A499EA7B23D26176003FD074 /* EnteringEmailViewController.swift */ = {isa = PBXFileReference; lastKnownFileType = sourcecode.swift; path = EnteringEmailViewController.swift; sourceTree = "<group>"; };
		A499EA8423D33DEE003FD074 /* ProducerButton.swift */ = {isa = PBXFileReference; lastKnownFileType = sourcecode.swift; path = ProducerButton.swift; sourceTree = "<group>"; };
		A499EA8823D35DA8003FD074 /* PickingRoleViewController.swift */ = {isa = PBXFileReference; lastKnownFileType = sourcecode.swift; path = PickingRoleViewController.swift; sourceTree = "<group>"; };
		A499EA8A23D362EC003FD074 /* ProducerButton.xib */ = {isa = PBXFileReference; lastKnownFileType = file.xib; path = ProducerButton.xib; sourceTree = "<group>"; };
		A499EA8C23D36A35003FD074 /* CustomButtonDelegate.swift */ = {isa = PBXFileReference; lastKnownFileType = sourcecode.swift; path = CustomButtonDelegate.swift; sourceTree = "<group>"; };
		A4C1C6E823D3B2D8002A5EA2 /* Extensions.swift */ = {isa = PBXFileReference; lastKnownFileType = sourcecode.swift; path = Extensions.swift; sourceTree = "<group>"; };
/* End PBXFileReference section */

/* Begin PBXFrameworksBuildPhase section */
		A499EA5723D20425003FD074 /* Frameworks */ = {
			isa = PBXFrameworksBuildPhase;
			buildActionMask = 2147483647;
			files = (
			);
			runOnlyForDeploymentPostprocessing = 0;
		};
/* End PBXFrameworksBuildPhase section */

/* Begin PBXGroup section */
		A47B044023D63FFF0026158F /* ProducerAndStarStartScreens */ = {
			isa = PBXGroup;
			children = (
				A47B043C23D639670026158F /* ProducerStartScreenVC.swift */,
				A47B043E23D63FF80026158F /* ProducerStartReadyVC.swift */,
			);
			path = ProducerAndStarStartScreens;
			sourceTree = "<group>";
		};
		A499EA5123D20425003FD074 = {
			isa = PBXGroup;
			children = (
				A499EA5C23D20425003FD074 /* AvatarAppIos */,
				A499EA6623D20426003FD074 /* Assets.xcassets */,
				A499EA5B23D20425003FD074 /* Products */,
			);
			sourceTree = "<group>";
		};
		A499EA5B23D20425003FD074 /* Products */ = {
			isa = PBXGroup;
			children = (
				A499EA5A23D20425003FD074 /* AvatarAppIos.app */,
			);
			name = Products;
			sourceTree = "<group>";
		};
		A499EA5C23D20425003FD074 /* AvatarAppIos */ = {
			isa = PBXGroup;
			children = (
				A499EA7423D20682003FD074 /* Controllers */,
				A499EA7D23D33CE3003FD074 /* View */,
				A499EA7223D20655003FD074 /* AppDelegates */,
				A499EA7323D20670003FD074 /* PropertyLists */,
			);
			path = AvatarAppIos;
			sourceTree = "<group>";
		};
		A499EA7123D20471003FD074 /* Storyboards */ = {
			isa = PBXGroup;
			children = (
				A499EA7523D206B5003FD074 /* Main.storyboard */,
				A499EA6823D20426003FD074 /* LaunchScreen.storyboard */,
			);
			path = Storyboards;
			sourceTree = "<group>";
		};
		A499EA7223D20655003FD074 /* AppDelegates */ = {
			isa = PBXGroup;
			children = (
				A499EA5D23D20425003FD074 /* AppDelegate.swift */,
				A499EA5F23D20425003FD074 /* SceneDelegate.swift */,
				A499EA8C23D36A35003FD074 /* CustomButtonDelegate.swift */,
			);
			path = AppDelegates;
			sourceTree = "<group>";
		};
		A499EA7323D20670003FD074 /* PropertyLists */ = {
			isa = PBXGroup;
			children = (
				A499EA6B23D20426003FD074 /* Info.plist */,
			);
			path = PropertyLists;
			sourceTree = "<group>";
		};
		A499EA7423D20682003FD074 /* Controllers */ = {
			isa = PBXGroup;
			children = (
				A499EA8823D35DA8003FD074 /* PickingRoleViewController.swift */,
				A499EA7B23D26176003FD074 /* EnteringEmailViewController.swift */,
				A499EA7923D252EC003FD074 /* ConfirmationCodeViewController.swift */,
				A47B044023D63FFF0026158F /* ProducerAndStarStartScreens */,
				A4C1C6E823D3B2D8002A5EA2 /* Extensions.swift */,
			);
			path = Controllers;
			sourceTree = "<group>";
		};
		A499EA7D23D33CE3003FD074 /* View */ = {
			isa = PBXGroup;
			children = (
				A499EA7123D20471003FD074 /* Storyboards */,
				A499EA8E23D37AD2003FD074 /* CustomButtons */,
			);
			path = View;
			sourceTree = "<group>";
		};
		A499EA8E23D37AD2003FD074 /* CustomButtons */ = {
			isa = PBXGroup;
			children = (
				A499EA8423D33DEE003FD074 /* ProducerButton.swift */,
				A499EA8A23D362EC003FD074 /* ProducerButton.xib */,
			);
			path = CustomButtons;
			sourceTree = "<group>";
		};
/* End PBXGroup section */

/* Begin PBXNativeTarget section */
		A499EA5923D20425003FD074 /* AvatarAppIos */ = {
			isa = PBXNativeTarget;
			buildConfigurationList = A499EA6E23D20426003FD074 /* Build configuration list for PBXNativeTarget "AvatarAppIos" */;
			buildPhases = (
				A499EA5623D20425003FD074 /* Sources */,
				A499EA5723D20425003FD074 /* Frameworks */,
				A499EA5823D20425003FD074 /* Resources */,
			);
			buildRules = (
			);
			dependencies = (
			);
			name = AvatarAppIos;
			productName = AvatarAppIos;
			productReference = A499EA5A23D20425003FD074 /* AvatarAppIos.app */;
			productType = "com.apple.product-type.application";
		};
/* End PBXNativeTarget section */

/* Begin PBXProject section */
		A499EA5223D20425003FD074 /* Project object */ = {
			isa = PBXProject;
			attributes = {
				LastSwiftUpdateCheck = 1130;
				LastUpgradeCheck = 1130;
				ORGANIZATIONNAME = "Владислав";
				TargetAttributes = {
					A499EA5923D20425003FD074 = {
						CreatedOnToolsVersion = 11.3.1;
					};
				};
			};
			buildConfigurationList = A499EA5523D20425003FD074 /* Build configuration list for PBXProject "AvatarAppIos" */;
			compatibilityVersion = "Xcode 9.3";
			developmentRegion = en;
			hasScannedForEncodings = 0;
			knownRegions = (
				en,
				Base,
			);
			mainGroup = A499EA5123D20425003FD074;
			productRefGroup = A499EA5B23D20425003FD074 /* Products */;
			projectDirPath = "";
			projectRoot = "";
			targets = (
				A499EA5923D20425003FD074 /* AvatarAppIos */,
			);
		};
/* End PBXProject section */

/* Begin PBXResourcesBuildPhase section */
		A499EA5823D20425003FD074 /* Resources */ = {
			isa = PBXResourcesBuildPhase;
			buildActionMask = 2147483647;
			files = (
				A499EA7623D206B5003FD074 /* Main.storyboard in Resources */,
				A499EA6A23D20426003FD074 /* LaunchScreen.storyboard in Resources */,
				A499EA6723D20426003FD074 /* Assets.xcassets in Resources */,
				A499EA8B23D362EC003FD074 /* ProducerButton.xib in Resources */,
			);
			runOnlyForDeploymentPostprocessing = 0;
		};
/* End PBXResourcesBuildPhase section */

/* Begin PBXSourcesBuildPhase section */
		A499EA5623D20425003FD074 /* Sources */ = {
			isa = PBXSourcesBuildPhase;
			buildActionMask = 2147483647;
			files = (
				A499EA5E23D20425003FD074 /* AppDelegate.swift in Sources */,
				A499EA8523D33DEE003FD074 /* ProducerButton.swift in Sources */,
				A499EA8D23D36A35003FD074 /* CustomButtonDelegate.swift in Sources */,
				A4C1C6E923D3B2D8002A5EA2 /* Extensions.swift in Sources */,
				A47B043D23D639670026158F /* ProducerStartScreenVC.swift in Sources */,
				A499EA7C23D26176003FD074 /* EnteringEmailViewController.swift in Sources */,
				A499EA7A23D252EC003FD074 /* ConfirmationCodeViewController.swift in Sources */,
				A47B043F23D63FF80026158F /* ProducerStartReadyVC.swift in Sources */,
				A499EA8923D35DA8003FD074 /* PickingRoleViewController.swift in Sources */,
				A499EA6023D20425003FD074 /* SceneDelegate.swift in Sources */,
			);
			runOnlyForDeploymentPostprocessing = 0;
		};
/* End PBXSourcesBuildPhase section */

/* Begin PBXVariantGroup section */
		A499EA6823D20426003FD074 /* LaunchScreen.storyboard */ = {
			isa = PBXVariantGroup;
			children = (
				A499EA6923D20426003FD074 /* Base */,
			);
			name = LaunchScreen.storyboard;
			sourceTree = "<group>";
		};
/* End PBXVariantGroup section */

/* Begin XCBuildConfiguration section */
		A499EA6C23D20426003FD074 /* Debug */ = {
			isa = XCBuildConfiguration;
			buildSettings = {
				ALWAYS_SEARCH_USER_PATHS = NO;
				CLANG_ANALYZER_NONNULL = YES;
				CLANG_ANALYZER_NUMBER_OBJECT_CONVERSION = YES_AGGRESSIVE;
				CLANG_CXX_LANGUAGE_STANDARD = "gnu++14";
				CLANG_CXX_LIBRARY = "libc++";
				CLANG_ENABLE_MODULES = YES;
				CLANG_ENABLE_OBJC_ARC = YES;
				CLANG_ENABLE_OBJC_WEAK = YES;
				CLANG_WARN_BLOCK_CAPTURE_AUTORELEASING = YES;
				CLANG_WARN_BOOL_CONVERSION = YES;
				CLANG_WARN_COMMA = YES;
				CLANG_WARN_CONSTANT_CONVERSION = YES;
				CLANG_WARN_DEPRECATED_OBJC_IMPLEMENTATIONS = YES;
				CLANG_WARN_DIRECT_OBJC_ISA_USAGE = YES_ERROR;
				CLANG_WARN_DOCUMENTATION_COMMENTS = YES;
				CLANG_WARN_EMPTY_BODY = YES;
				CLANG_WARN_ENUM_CONVERSION = YES;
				CLANG_WARN_INFINITE_RECURSION = YES;
				CLANG_WARN_INT_CONVERSION = YES;
				CLANG_WARN_NON_LITERAL_NULL_CONVERSION = YES;
				CLANG_WARN_OBJC_IMPLICIT_RETAIN_SELF = YES;
				CLANG_WARN_OBJC_LITERAL_CONVERSION = YES;
				CLANG_WARN_OBJC_ROOT_CLASS = YES_ERROR;
				CLANG_WARN_RANGE_LOOP_ANALYSIS = YES;
				CLANG_WARN_STRICT_PROTOTYPES = YES;
				CLANG_WARN_SUSPICIOUS_MOVE = YES;
				CLANG_WARN_UNGUARDED_AVAILABILITY = YES_AGGRESSIVE;
				CLANG_WARN_UNREACHABLE_CODE = YES;
				CLANG_WARN__DUPLICATE_METHOD_MATCH = YES;
				COPY_PHASE_STRIP = NO;
				DEBUG_INFORMATION_FORMAT = dwarf;
				ENABLE_STRICT_OBJC_MSGSEND = YES;
				ENABLE_TESTABILITY = YES;
				GCC_C_LANGUAGE_STANDARD = gnu11;
				GCC_DYNAMIC_NO_PIC = NO;
				GCC_NO_COMMON_BLOCKS = YES;
				GCC_OPTIMIZATION_LEVEL = 0;
				GCC_PREPROCESSOR_DEFINITIONS = (
					"DEBUG=1",
					"$(inherited)",
				);
				GCC_WARN_64_TO_32_BIT_CONVERSION = YES;
				GCC_WARN_ABOUT_RETURN_TYPE = YES_ERROR;
				GCC_WARN_UNDECLARED_SELECTOR = YES;
				GCC_WARN_UNINITIALIZED_AUTOS = YES_AGGRESSIVE;
				GCC_WARN_UNUSED_FUNCTION = YES;
				GCC_WARN_UNUSED_VARIABLE = YES;
				IPHONEOS_DEPLOYMENT_TARGET = 13.2;
				MTL_ENABLE_DEBUG_INFO = INCLUDE_SOURCE;
				MTL_FAST_MATH = YES;
				ONLY_ACTIVE_ARCH = YES;
				SDKROOT = iphoneos;
				SWIFT_ACTIVE_COMPILATION_CONDITIONS = DEBUG;
				SWIFT_OPTIMIZATION_LEVEL = "-Onone";
			};
			name = Debug;
		};
		A499EA6D23D20426003FD074 /* Release */ = {
			isa = XCBuildConfiguration;
			buildSettings = {
				ALWAYS_SEARCH_USER_PATHS = NO;
				CLANG_ANALYZER_NONNULL = YES;
				CLANG_ANALYZER_NUMBER_OBJECT_CONVERSION = YES_AGGRESSIVE;
				CLANG_CXX_LANGUAGE_STANDARD = "gnu++14";
				CLANG_CXX_LIBRARY = "libc++";
				CLANG_ENABLE_MODULES = YES;
				CLANG_ENABLE_OBJC_ARC = YES;
				CLANG_ENABLE_OBJC_WEAK = YES;
				CLANG_WARN_BLOCK_CAPTURE_AUTORELEASING = YES;
				CLANG_WARN_BOOL_CONVERSION = YES;
				CLANG_WARN_COMMA = YES;
				CLANG_WARN_CONSTANT_CONVERSION = YES;
				CLANG_WARN_DEPRECATED_OBJC_IMPLEMENTATIONS = YES;
				CLANG_WARN_DIRECT_OBJC_ISA_USAGE = YES_ERROR;
				CLANG_WARN_DOCUMENTATION_COMMENTS = YES;
				CLANG_WARN_EMPTY_BODY = YES;
				CLANG_WARN_ENUM_CONVERSION = YES;
				CLANG_WARN_INFINITE_RECURSION = YES;
				CLANG_WARN_INT_CONVERSION = YES;
				CLANG_WARN_NON_LITERAL_NULL_CONVERSION = YES;
				CLANG_WARN_OBJC_IMPLICIT_RETAIN_SELF = YES;
				CLANG_WARN_OBJC_LITERAL_CONVERSION = YES;
				CLANG_WARN_OBJC_ROOT_CLASS = YES_ERROR;
				CLANG_WARN_RANGE_LOOP_ANALYSIS = YES;
				CLANG_WARN_STRICT_PROTOTYPES = YES;
				CLANG_WARN_SUSPICIOUS_MOVE = YES;
				CLANG_WARN_UNGUARDED_AVAILABILITY = YES_AGGRESSIVE;
				CLANG_WARN_UNREACHABLE_CODE = YES;
				CLANG_WARN__DUPLICATE_METHOD_MATCH = YES;
				COPY_PHASE_STRIP = NO;
				DEBUG_INFORMATION_FORMAT = "dwarf-with-dsym";
				ENABLE_NS_ASSERTIONS = NO;
				ENABLE_STRICT_OBJC_MSGSEND = YES;
				GCC_C_LANGUAGE_STANDARD = gnu11;
				GCC_NO_COMMON_BLOCKS = YES;
				GCC_WARN_64_TO_32_BIT_CONVERSION = YES;
				GCC_WARN_ABOUT_RETURN_TYPE = YES_ERROR;
				GCC_WARN_UNDECLARED_SELECTOR = YES;
				GCC_WARN_UNINITIALIZED_AUTOS = YES_AGGRESSIVE;
				GCC_WARN_UNUSED_FUNCTION = YES;
				GCC_WARN_UNUSED_VARIABLE = YES;
				IPHONEOS_DEPLOYMENT_TARGET = 13.2;
				MTL_ENABLE_DEBUG_INFO = NO;
				MTL_FAST_MATH = YES;
				SDKROOT = iphoneos;
				SWIFT_COMPILATION_MODE = wholemodule;
				SWIFT_OPTIMIZATION_LEVEL = "-O";
				VALIDATE_PRODUCT = YES;
			};
			name = Release;
		};
		A499EA6F23D20426003FD074 /* Debug */ = {
			isa = XCBuildConfiguration;
			buildSettings = {
				ASSETCATALOG_COMPILER_APPICON_NAME = AppIcon;
				CODE_SIGN_STYLE = Automatic;
				DEVELOPMENT_TEAM = N8U99CLXJ5;
				INFOPLIST_FILE = AvatarAppIos/PropertyLists/Info.plist;
				LD_RUNPATH_SEARCH_PATHS = (
					"$(inherited)",
					"@executable_path/Frameworks",
				);
				PRODUCT_BUNDLE_IDENTIFIER = pycak.AvatarAppIos;
				PRODUCT_NAME = "$(TARGET_NAME)";
				SWIFT_VERSION = 5.0;
				TARGETED_DEVICE_FAMILY = 1;
			};
			name = Debug;
		};
		A499EA7023D20426003FD074 /* Release */ = {
			isa = XCBuildConfiguration;
			buildSettings = {
				ASSETCATALOG_COMPILER_APPICON_NAME = AppIcon;
				CODE_SIGN_STYLE = Automatic;
				DEVELOPMENT_TEAM = N8U99CLXJ5;
				INFOPLIST_FILE = AvatarAppIos/PropertyLists/Info.plist;
				LD_RUNPATH_SEARCH_PATHS = (
					"$(inherited)",
					"@executable_path/Frameworks",
				);
				PRODUCT_BUNDLE_IDENTIFIER = pycak.AvatarAppIos;
				PRODUCT_NAME = "$(TARGET_NAME)";
				SWIFT_VERSION = 5.0;
				TARGETED_DEVICE_FAMILY = 1;
			};
			name = Release;
		};
/* End XCBuildConfiguration section */

/* Begin XCConfigurationList section */
		A499EA5523D20425003FD074 /* Build configuration list for PBXProject "AvatarAppIos" */ = {
			isa = XCConfigurationList;
			buildConfigurations = (
				A499EA6C23D20426003FD074 /* Debug */,
				A499EA6D23D20426003FD074 /* Release */,
			);
			defaultConfigurationIsVisible = 0;
			defaultConfigurationName = Release;
		};
		A499EA6E23D20426003FD074 /* Build configuration list for PBXNativeTarget "AvatarAppIos" */ = {
			isa = XCConfigurationList;
			buildConfigurations = (
				A499EA6F23D20426003FD074 /* Debug */,
				A499EA7023D20426003FD074 /* Release */,
			);
			defaultConfigurationIsVisible = 0;
			defaultConfigurationName = Release;
		};
/* End XCConfigurationList section */
	};
	rootObject = A499EA5223D20425003FD074 /* Project object */;
}
